# THIS IS AN AUTOGENERATED FILE. DO NOT EDIT THIS FILE DIRECTLY.
# yarn lockfile v1


"slick-carousel@^1.8.1":
  "integrity" "sha512-XB9Ftrf2EEKfzoQXt3Nitrt/IPbT+f1fgqBdoxO3W/+JYvtEOW6EgxnWfr9GH6nmULv7Y2tPmEX3koxThVmebA=="
  "resolved" "https://registry.npmjs.org/slick-carousel/-/slick-carousel-1.8.1.tgz"
  "version" "1.8.1"
